
Microsoft Visual Studio Solution File, Format Version 12.00
# Visual Studio Version 16
VisualStudioVersion = 16.0.31911.196
MinimumVisualStudioVersion = 10.0.40219.1
Project("{8BC9CEB8-8B4A-11D0-8D11-00A0C91BC942}") = "Test", "Test\Test.vcxproj", "{DAD5F21F-03E0-4180-8CE9-3DD23B870D79}"
EndProject
Global
	GlobalSection(SolutionConfigurationPlatforms) = preSolution
		Debug|x64 = Debug|x64
		Debug|x86 = Debug|x86
		Release|x64 = Release|x64
		Release|x86 = Release|x86
	EndGlobalSection
	GlobalSection(ProjectConfigurationPlatforms) = postSolution
		{DAD5F21F-03E0-4180-8CE9-3DD23B870D79}.Debug|x64.ActiveCfg = Debug|x64
		{DAD5F21F-03E0-4180-8CE9-3DD23B870D79}.Debug|x64.Build.0 = Debug|x64
		{DAD5F21F-03E0-4180-8CE9-3DD23B870D79}.Debug|x86.ActiveCfg = Debug|Win32
		{DAD5F21F-03E0-4180-8CE9-3DD23B870D79}.Debug|x86.Build.0 = Debug|Win32
		{DAD5F21F-03E0-4180-8CE9-3DD23B870D79}.Release|x64.ActiveCfg = Release|x64
		{DAD5F21F-03E0-4180-8CE9-3DD23B870D79}.Release|x64.Build.0 = Release|x64
		{DAD5F21F-03E0-4180-8CE9-3DD23B870D79}.Release|x86.ActiveCfg = Release|Win32
		{DAD5F21F-03E0-4180-8CE9-3DD23B870D79}.Release|x86.Build.0 = Release|Win32
	EndGlobalSection
	GlobalSection(SolutionProperties) = preSolution
		HideSolutionNode = FALSE
	EndGlobalSection
	GlobalSection(ExtensibilityGlobals) = postSolution
		SolutionGuid = {94A1F4E1-C0A0-48A3-9C66-94A0DEF0E943}
	EndGlobalSection
EndGlobal
