
Microsoft Visual Studio Solution File, Format Version 12.00
# Visual Studio Version 16
VisualStudioVersion = 16.0.31911.196
MinimumVisualStudioVersion = 10.0.40219.1
Project("{8BC9CEB8-8B4A-11D0-8D11-00A0C91BC942}") = "Test of Increment Operator Prefix and Postfix", "Test of Increment Operator Prefix and Postfix\Test of Increment Operator Prefix and Postfix.vcxproj", "{A84BF7D7-1B28-44B9-863A-FC2C589BFEEB}"
EndProject
Global
	GlobalSection(SolutionConfigurationPlatforms) = preSolution
		Debug|x64 = Debug|x64
		Debug|x86 = Debug|x86
		Release|x64 = Release|x64
		Release|x86 = Release|x86
	EndGlobalSection
	GlobalSection(ProjectConfigurationPlatforms) = postSolution
		{A84BF7D7-1B28-44B9-863A-FC2C589BFEEB}.Debug|x64.ActiveCfg = Debug|x64
		{A84BF7D7-1B28-44B9-863A-FC2C589BFEEB}.Debug|x64.Build.0 = Debug|x64
		{A84BF7D7-1B28-44B9-863A-FC2C589BFEEB}.Debug|x86.ActiveCfg = Debug|Win32
		{A84BF7D7-1B28-44B9-863A-FC2C589BFEEB}.Debug|x86.Build.0 = Debug|Win32
		{A84BF7D7-1B28-44B9-863A-FC2C589BFEEB}.Release|x64.ActiveCfg = Release|x64
		{A84BF7D7-1B28-44B9-863A-FC2C589BFEEB}.Release|x64.Build.0 = Release|x64
		{A84BF7D7-1B28-44B9-863A-FC2C589BFEEB}.Release|x86.ActiveCfg = Release|Win32
		{A84BF7D7-1B28-44B9-863A-FC2C589BFEEB}.Release|x86.Build.0 = Release|Win32
	EndGlobalSection
	GlobalSection(SolutionProperties) = preSolution
		HideSolutionNode = FALSE
	EndGlobalSection
	GlobalSection(ExtensibilityGlobals) = postSolution
		SolutionGuid = {030DD0AB-E6AB-4F3B-BA6F-BCA4EA6E42EA}
	EndGlobalSection
EndGlobal
