
Microsoft Visual Studio Solution File, Format Version 12.00
# Visual Studio Version 16
VisualStudioVersion = 16.0.32106.194
MinimumVisualStudioVersion = 10.0.40219.1
Project("{8BC9CEB8-8B4A-11D0-8D11-00A0C91BC942}") = "Week 6-2 Assignment Arithmetic Calculator", "Week 6-2 Assignment Arithmetic Calculator\Week 6-2 Assignment Arithmetic Calculator.vcxproj", "{4A10C32D-6D2D-40E4-A325-842DB8083F9E}"
EndProject
Global
	GlobalSection(SolutionConfigurationPlatforms) = preSolution
		Debug|x64 = Debug|x64
		Debug|x86 = Debug|x86
		Release|x64 = Release|x64
		Release|x86 = Release|x86
	EndGlobalSection
	GlobalSection(ProjectConfigurationPlatforms) = postSolution
		{4A10C32D-6D2D-40E4-A325-842DB8083F9E}.Debug|x64.ActiveCfg = Debug|x64
		{4A10C32D-6D2D-40E4-A325-842DB8083F9E}.Debug|x64.Build.0 = Debug|x64
		{4A10C32D-6D2D-40E4-A325-842DB8083F9E}.Debug|x86.ActiveCfg = Debug|Win32
		{4A10C32D-6D2D-40E4-A325-842DB8083F9E}.Debug|x86.Build.0 = Debug|Win32
		{4A10C32D-6D2D-40E4-A325-842DB8083F9E}.Release|x64.ActiveCfg = Release|x64
		{4A10C32D-6D2D-40E4-A325-842DB8083F9E}.Release|x64.Build.0 = Release|x64
		{4A10C32D-6D2D-40E4-A325-842DB8083F9E}.Release|x86.ActiveCfg = Release|Win32
		{4A10C32D-6D2D-40E4-A325-842DB8083F9E}.Release|x86.Build.0 = Release|Win32
	EndGlobalSection
	GlobalSection(SolutionProperties) = preSolution
		HideSolutionNode = FALSE
	EndGlobalSection
	GlobalSection(ExtensibilityGlobals) = postSolution
		SolutionGuid = {2A5F2E71-115F-44A2-8530-FA69D8C31D79}
	EndGlobalSection
EndGlobal
