
Microsoft Visual Studio Solution File, Format Version 12.00
# Visual Studio Version 16
VisualStudioVersion = 16.0.32106.194
MinimumVisualStudioVersion = 10.0.40219.1
Project("{8BC9CEB8-8B4A-11D0-8D11-00A0C91BC942}") = "FactorialCalculatorHW", "FactorialCalculatorHW\FactorialCalculatorHW.vcxproj", "{2F265B76-56DF-45DC-AC81-874B2CB373A7}"
EndProject
Global
	GlobalSection(SolutionConfigurationPlatforms) = preSolution
		Debug|x64 = Debug|x64
		Debug|x86 = Debug|x86
		Release|x64 = Release|x64
		Release|x86 = Release|x86
	EndGlobalSection
	GlobalSection(ProjectConfigurationPlatforms) = postSolution
		{2F265B76-56DF-45DC-AC81-874B2CB373A7}.Debug|x64.ActiveCfg = Debug|x64
		{2F265B76-56DF-45DC-AC81-874B2CB373A7}.Debug|x64.Build.0 = Debug|x64
		{2F265B76-56DF-45DC-AC81-874B2CB373A7}.Debug|x86.ActiveCfg = Debug|Win32
		{2F265B76-56DF-45DC-AC81-874B2CB373A7}.Debug|x86.Build.0 = Debug|Win32
		{2F265B76-56DF-45DC-AC81-874B2CB373A7}.Release|x64.ActiveCfg = Release|x64
		{2F265B76-56DF-45DC-AC81-874B2CB373A7}.Release|x64.Build.0 = Release|x64
		{2F265B76-56DF-45DC-AC81-874B2CB373A7}.Release|x86.ActiveCfg = Release|Win32
		{2F265B76-56DF-45DC-AC81-874B2CB373A7}.Release|x86.Build.0 = Release|Win32
	EndGlobalSection
	GlobalSection(SolutionProperties) = preSolution
		HideSolutionNode = FALSE
	EndGlobalSection
	GlobalSection(ExtensibilityGlobals) = postSolution
		SolutionGuid = {8B3A8124-BBC5-4366-A566-C131B8CCC43A}
	EndGlobalSection
EndGlobal
